
Microsoft Visual Studio Solution File, Format Version 12.00
# Visual Studio Version 16
VisualStudioVersion = 16.0.28803.452
MinimumVisualStudioVersion = 10.0.40219.1
Project("{FAE04EC0-301F-11D3-BF4B-00C04F79EFBC}") = "Playground", "Playground\Playground.csproj", "{81E122F9-2DD5-4626-99E8-38C786741E7E}"
EndProject
Global
	GlobalSection(SolutionConfigurationPlatforms) = preSolution
		Debug|Any CPU = Debug|Any CPU
		Release|Any CPU = Release|Any CPU
	EndGlobalSection
	GlobalSection(ProjectConfigurationPlatforms) = postSolution
		{81E122F9-2DD5-4626-99E8-38C786741E7E}.Debug|Any CPU.ActiveCfg = Debug|Any CPU
		{81E122F9-2DD5-4626-99E8-38C786741E7E}.Debug|Any CPU.Build.0 = Debug|Any CPU
		{81E122F9-2DD5-4626-99E8-38C786741E7E}.Release|Any CPU.ActiveCfg = Release|Any CPU
		{81E122F9-2DD5-4626-99E8-38C786741E7E}.Release|Any CPU.Build.0 = Release|Any CPU
	EndGlobalSection
	GlobalSection(SolutionProperties) = preSolution
		HideSolutionNode = FALSE
	EndGlobalSection
	GlobalSection(ExtensibilityGlobals) = postSolution
		SolutionGuid = {51B852AE-FD52-4912-9834-F91F42052DF2}
	EndGlobalSection
EndGlobal
